
Microsoft Visual Studio Solution File, Format Version 12.00
Project("{FAE04EC0-301F-11D3-BF4B-00C04F79EFBC}") = "Publisher", "Publisher\Publisher.csproj", "{155FB1E0-E31E-439A-AB15-A90636560B65}"
EndProject
Project("{FAE04EC0-301F-11D3-BF4B-00C04F79EFBC}") = "Subscribers", "Subscribers\Subscribers.csproj", "{674812BE-797C-4A8E-9BE1-8F3A13EC1E13}"
EndProject
Project("{FAE04EC0-301F-11D3-BF4B-00C04F79EFBC}") = "PublisherService", "PublisherService\PublisherService.csproj", "{8A5682AA-9602-470A-9971-39DF08B8A837}"
EndProject
Project("{FAE04EC0-301F-11D3-BF4B-00C04F79EFBC}") = "Client", "Client\Client.csproj", "{5232F3B0-3B29-49D6-8729-C673C3BD294E}"
EndProject
Project("{FAE04EC0-301F-11D3-BF4B-00C04F79EFBC}") = "Tests", "Tests\Tests.csproj", "{C4701B59-BCA9-44F9-95A4-9EC2F9DCA9E4}"
EndProject
Global
	GlobalSection(SolutionConfigurationPlatforms) = preSolution
		Debug|Any CPU = Debug|Any CPU
		Release|Any CPU = Release|Any CPU
	EndGlobalSection
	GlobalSection(ProjectConfigurationPlatforms) = postSolution
		{155FB1E0-E31E-439A-AB15-A90636560B65}.Debug|Any CPU.ActiveCfg = Debug|Any CPU
		{155FB1E0-E31E-439A-AB15-A90636560B65}.Debug|Any CPU.Build.0 = Debug|Any CPU
		{155FB1E0-E31E-439A-AB15-A90636560B65}.Release|Any CPU.ActiveCfg = Release|Any CPU
		{155FB1E0-E31E-439A-AB15-A90636560B65}.Release|Any CPU.Build.0 = Release|Any CPU
		{674812BE-797C-4A8E-9BE1-8F3A13EC1E13}.Debug|Any CPU.ActiveCfg = Debug|Any CPU
		{674812BE-797C-4A8E-9BE1-8F3A13EC1E13}.Debug|Any CPU.Build.0 = Debug|Any CPU
		{674812BE-797C-4A8E-9BE1-8F3A13EC1E13}.Release|Any CPU.ActiveCfg = Release|Any CPU
		{674812BE-797C-4A8E-9BE1-8F3A13EC1E13}.Release|Any CPU.Build.0 = Release|Any CPU
		{8A5682AA-9602-470A-9971-39DF08B8A837}.Debug|Any CPU.ActiveCfg = Debug|Any CPU
		{8A5682AA-9602-470A-9971-39DF08B8A837}.Debug|Any CPU.Build.0 = Debug|Any CPU
		{8A5682AA-9602-470A-9971-39DF08B8A837}.Release|Any CPU.ActiveCfg = Release|Any CPU
		{8A5682AA-9602-470A-9971-39DF08B8A837}.Release|Any CPU.Build.0 = Release|Any CPU
		{5232F3B0-3B29-49D6-8729-C673C3BD294E}.Debug|Any CPU.ActiveCfg = Debug|Any CPU
		{5232F3B0-3B29-49D6-8729-C673C3BD294E}.Debug|Any CPU.Build.0 = Debug|Any CPU
		{5232F3B0-3B29-49D6-8729-C673C3BD294E}.Release|Any CPU.ActiveCfg = Release|Any CPU
		{5232F3B0-3B29-49D6-8729-C673C3BD294E}.Release|Any CPU.Build.0 = Release|Any CPU
		{C4701B59-BCA9-44F9-95A4-9EC2F9DCA9E4}.Debug|Any CPU.ActiveCfg = Debug|Any CPU
		{C4701B59-BCA9-44F9-95A4-9EC2F9DCA9E4}.Debug|Any CPU.Build.0 = Debug|Any CPU
		{C4701B59-BCA9-44F9-95A4-9EC2F9DCA9E4}.Release|Any CPU.ActiveCfg = Release|Any CPU
		{C4701B59-BCA9-44F9-95A4-9EC2F9DCA9E4}.Release|Any CPU.Build.0 = Release|Any CPU
	EndGlobalSection
EndGlobal
